
Microsoft Visual Studio Solution File, Format Version 12.00
# Visual Studio Version 16
VisualStudioVersion = 16.0.30907.101
MinimumVisualStudioVersion = 10.0.40219.1
Project("{FAE04EC0-301F-11D3-BF4B-00C04F79EFBC}") = "ComputerGraphicsProject", "ComputerGraphicsProject.csproj", "{BC1C7C2E-B165-49C1-8C84-DC8D33655A81}"
EndProject
Global
	GlobalSection(SolutionConfigurationPlatforms) = preSolution
		Debug|Any CPU = Debug|Any CPU
		Release|Any CPU = Release|Any CPU
	EndGlobalSection
	GlobalSection(ProjectConfigurationPlatforms) = postSolution
		{BC1C7C2E-B165-49C1-8C84-DC8D33655A81}.Debug|Any CPU.ActiveCfg = Debug|Any CPU
		{BC1C7C2E-B165-49C1-8C84-DC8D33655A81}.Debug|Any CPU.Build.0 = Debug|Any CPU
		{BC1C7C2E-B165-49C1-8C84-DC8D33655A81}.Release|Any CPU.ActiveCfg = Release|Any CPU
		{BC1C7C2E-B165-49C1-8C84-DC8D33655A81}.Release|Any CPU.Build.0 = Release|Any CPU
	EndGlobalSection
	GlobalSection(SolutionProperties) = preSolution
		HideSolutionNode = FALSE
	EndGlobalSection
	GlobalSection(ExtensibilityGlobals) = postSolution
		SolutionGuid = {5EE203C3-23E2-4DCC-8A34-EC8AD9AEF77E}
	EndGlobalSection
EndGlobal
